
Microsoft Visual Studio Solution File, Format Version 12.00
# Visual Studio Version 16
VisualStudioVersion = 16.0.31727.386
MinimumVisualStudioVersion = 10.0.40219.1
Project("{FAE04EC0-301F-11D3-BF4B-00C04F79EFBC}") = "Unityst_1", "Unityst_1\Unityst_1.csproj", "{FDB7B02D-5BF4-4EF2-A5FF-8000424A14AF}"
EndProject
Project("{FAE04EC0-301F-11D3-BF4B-00C04F79EFBC}") = "WOWmapeditor", "WOWmapeditor\WOWmapeditor.csproj", "{0D3939BE-9EA4-4EF1-98C3-221B1A1A6E83}"
EndProject
Project("{FAE04EC0-301F-11D3-BF4B-00C04F79EFBC}") = "WOWskilleditor", "WOWskilleditor\WOWskilleditor.csproj", "{C63EE43E-E9C3-49D2-AAAE-1B49B716C87D}"
EndProject
Project("{2150E333-8FDC-42A3-9474-1A3956D46DE8}") = "STD", "STD", "{AFCC196E-B1D8-45FE-AF2E-7C36568AB7C4}"
EndProject
Project("{2150E333-8FDC-42A3-9474-1A3956D46DE8}") = "Solution items", "Solution items", "{A0619FB1-CCE8-4792-970A-C64886FBC257}"
	ProjectSection(SolutionItems) = preProject
		목차.txt = 목차.txt
	EndProjectSection
EndProject
Project("{FAE04EC0-301F-11D3-BF4B-00C04F79EFBC}") = "00.Using", "00.Using\00.Using.csproj", "{F75F8261-4C84-4690-8260-806A6A537B14}"
EndProject
Project("{FAE04EC0-301F-11D3-BF4B-00C04F79EFBC}") = "01.Class", "01.Class\01.Class.csproj", "{52AC0913-2156-4F31-A34A-11410B6A77EA}"
EndProject
Project("{FAE04EC0-301F-11D3-BF4B-00C04F79EFBC}") = "02.Namespace", "02.Namespace\02.Namespace.csproj", "{75CB9BB5-84F7-4744-AF0B-4C96FAC1E48F}"
EndProject
Project("{9A19103F-16F7-4668-BE54-9A1E7A4F7556}") = "03.Codestartandreading", "03.Codestartandreading\03.Codestartandreading.csproj", "{19981FE5-50A0-4823-98AB-0D6518D64DBC}"
EndProject
Project("{FAE04EC0-301F-11D3-BF4B-00C04F79EFBC}") = "04.MemberVar", "04.MemberVar\04.MemberVar.csproj", "{32D733EF-E615-4941-9BB6-059EFDF33CF5}"
EndProject
Project("{FAE04EC0-301F-11D3-BF4B-00C04F79EFBC}") = "05.MemberFunc", "MemberFunc\05.MemberFunc.csproj", "{170CA75D-7F3F-440E-A496-3F61DB1D6EB9}"
EndProject
Project("{FAE04EC0-301F-11D3-BF4B-00C04F79EFBC}") = "06.LocalVar", "06.LocalVar\06.LocalVar.csproj", "{4D3A8504-9750-41EA-861D-1CBC4629515E}"
EndProject
Project("{FAE04EC0-301F-11D3-BF4B-00C04F79EFBC}") = "07.ClassAccess", "07.ClassAccess\07.ClassAccess.csproj", "{D490803F-2DE5-42B9-B2FC-5AF773CBBFF6}"
EndProject
Project("{FAE04EC0-301F-11D3-BF4B-00C04F79EFBC}") = "08.FuncEx", "08.FuncEx\08.FuncEx.csproj", "{632314BB-DDDE-4364-A192-2B3DF0782DD8}"
EndProject
Project("{FAE04EC0-301F-11D3-BF4B-00C04F79EFBC}") = "09.Operator", "09.Operator\09.Operator.csproj", "{CF73526B-3499-40B5-811D-A13B8D4A2DC9}"
EndProject
Project("{FAE04EC0-301F-11D3-BF4B-00C04F79EFBC}") = "28.partial", "28.partial\28.partial.csproj", "{0C484AC4-BB52-4268-8657-AC5FC3526105}"
EndProject
Project("{FAE04EC0-301F-11D3-BF4B-00C04F79EFBC}") = "29.OverLoading", "29.OverLoading\29.OverLoading.csproj", "{D55236F8-014D-4305-87FB-C9C5E51F91B0}"
EndProject
Project("{FAE04EC0-301F-11D3-BF4B-00C04F79EFBC}") = "30. Overraidong", "30. Overraidong\30. Overraidong.csproj", "{3EE82D2E-6F3B-4190-B61E-E216B3F43F30}"
EndProject
Project("{FAE04EC0-301F-11D3-BF4B-00C04F79EFBC}") = "31.Interface", "31.Interface\31.Interface.csproj", "{DEB86074-0568-444A-9EA6-8A024F19C27D}"
EndProject
Project("{FAE04EC0-301F-11D3-BF4B-00C04F79EFBC}") = "32.Arrary", "32.Arrary\32.Arrary.csproj", "{4A61226F-9E5D-4DA0-9160-581947FB2E92}"
EndProject
Project("{FAE04EC0-301F-11D3-BF4B-00C04F79EFBC}") = "38DataStructer", "38DataStructer\38DataStructer.csproj", "{E994F021-CC6F-496B-8FB4-9CBAB7869C01}"
EndProject
Project("{2150E333-8FDC-42A3-9474-1A3956D46DE8}") = "DataStruct", "DataStruct", "{06F5277A-1E49-4DF3-83E0-CF4195598B2D}"
EndProject
Project("{FAE04EC0-301F-11D3-BF4B-00C04F79EFBC}") = "List", "List\List.csproj", "{0F90DD4B-650B-44FB-B319-33A314407524}"
EndProject
Project("{FAE04EC0-301F-11D3-BF4B-00C04F79EFBC}") = "Node", "Node\Node.csproj", "{1D27ECE9-00A2-422C-9E82-0A7C21BB1A5A}"
EndProject
Project("{FAE04EC0-301F-11D3-BF4B-00C04F79EFBC}") = "LinkedList", "LinkedList\LinkedList.csproj", "{C305A6BB-3186-4B57-BDA9-5DDCB09F966B}"
EndProject
Project("{FAE04EC0-301F-11D3-BF4B-00C04F79EFBC}") = "NodeEX", "NodeEX\NodeEX.csproj", "{C45A35D6-57BA-4487-871D-00F9B10C152F}"
EndProject
Project("{FAE04EC0-301F-11D3-BF4B-00C04F79EFBC}") = "Dictionary", "Dictionaly\Dictionary.csproj", "{3269415E-A65D-47D7-B456-EC5B5C58F112}"
EndProject
Project("{FAE04EC0-301F-11D3-BF4B-00C04F79EFBC}") = "DataStructEx", "DataStructEx\DataStructEx.csproj", "{50D2D6E1-9672-46E2-8102-7CAF771088AD}"
EndProject
Global
	GlobalSection(SolutionConfigurationPlatforms) = preSolution
		Debug|Any CPU = Debug|Any CPU
		Release|Any CPU = Release|Any CPU
	EndGlobalSection
	GlobalSection(ProjectConfigurationPlatforms) = postSolution
		{FDB7B02D-5BF4-4EF2-A5FF-8000424A14AF}.Debug|Any CPU.ActiveCfg = Debug|Any CPU
		{FDB7B02D-5BF4-4EF2-A5FF-8000424A14AF}.Debug|Any CPU.Build.0 = Debug|Any CPU
		{FDB7B02D-5BF4-4EF2-A5FF-8000424A14AF}.Release|Any CPU.ActiveCfg = Release|Any CPU
		{FDB7B02D-5BF4-4EF2-A5FF-8000424A14AF}.Release|Any CPU.Build.0 = Release|Any CPU
		{0D3939BE-9EA4-4EF1-98C3-221B1A1A6E83}.Debug|Any CPU.ActiveCfg = Debug|Any CPU
		{0D3939BE-9EA4-4EF1-98C3-221B1A1A6E83}.Debug|Any CPU.Build.0 = Debug|Any CPU
		{0D3939BE-9EA4-4EF1-98C3-221B1A1A6E83}.Release|Any CPU.ActiveCfg = Release|Any CPU
		{0D3939BE-9EA4-4EF1-98C3-221B1A1A6E83}.Release|Any CPU.Build.0 = Release|Any CPU
		{C63EE43E-E9C3-49D2-AAAE-1B49B716C87D}.Debug|Any CPU.ActiveCfg = Debug|Any CPU
		{C63EE43E-E9C3-49D2-AAAE-1B49B716C87D}.Debug|Any CPU.Build.0 = Debug|Any CPU
		{C63EE43E-E9C3-49D2-AAAE-1B49B716C87D}.Release|Any CPU.ActiveCfg = Release|Any CPU
		{C63EE43E-E9C3-49D2-AAAE-1B49B716C87D}.Release|Any CPU.Build.0 = Release|Any CPU
		{F75F8261-4C84-4690-8260-806A6A537B14}.Debug|Any CPU.ActiveCfg = Debug|Any CPU
		{F75F8261-4C84-4690-8260-806A6A537B14}.Debug|Any CPU.Build.0 = Debug|Any CPU
		{F75F8261-4C84-4690-8260-806A6A537B14}.Release|Any CPU.ActiveCfg = Release|Any CPU
		{F75F8261-4C84-4690-8260-806A6A537B14}.Release|Any CPU.Build.0 = Release|Any CPU
		{52AC0913-2156-4F31-A34A-11410B6A77EA}.Debug|Any CPU.ActiveCfg = Debug|Any CPU
		{52AC0913-2156-4F31-A34A-11410B6A77EA}.Debug|Any CPU.Build.0 = Debug|Any CPU
		{52AC0913-2156-4F31-A34A-11410B6A77EA}.Release|Any CPU.ActiveCfg = Release|Any CPU
		{52AC0913-2156-4F31-A34A-11410B6A77EA}.Release|Any CPU.Build.0 = Release|Any CPU
		{75CB9BB5-84F7-4744-AF0B-4C96FAC1E48F}.Debug|Any CPU.ActiveCfg = Debug|Any CPU
		{75CB9BB5-84F7-4744-AF0B-4C96FAC1E48F}.Debug|Any CPU.Build.0 = Debug|Any CPU
		{75CB9BB5-84F7-4744-AF0B-4C96FAC1E48F}.Release|Any CPU.ActiveCfg = Release|Any CPU
		{75CB9BB5-84F7-4744-AF0B-4C96FAC1E48F}.Release|Any CPU.Build.0 = Release|Any CPU
		{19981FE5-50A0-4823-98AB-0D6518D64DBC}.Debug|Any CPU.ActiveCfg = Debug|Any CPU
		{19981FE5-50A0-4823-98AB-0D6518D64DBC}.Debug|Any CPU.Build.0 = Debug|Any CPU
		{19981FE5-50A0-4823-98AB-0D6518D64DBC}.Release|Any CPU.ActiveCfg = Release|Any CPU
		{19981FE5-50A0-4823-98AB-0D6518D64DBC}.Release|Any CPU.Build.0 = Release|Any CPU
		{32D733EF-E615-4941-9BB6-059EFDF33CF5}.Debug|Any CPU.ActiveCfg = Debug|Any CPU
		{32D733EF-E615-4941-9BB6-059EFDF33CF5}.Debug|Any CPU.Build.0 = Debug|Any CPU
		{32D733EF-E615-4941-9BB6-059EFDF33CF5}.Release|Any CPU.ActiveCfg = Release|Any CPU
		{32D733EF-E615-4941-9BB6-059EFDF33CF5}.Release|Any CPU.Build.0 = Release|Any CPU
		{170CA75D-7F3F-440E-A496-3F61DB1D6EB9}.Debug|Any CPU.ActiveCfg = Debug|Any CPU
		{170CA75D-7F3F-440E-A496-3F61DB1D6EB9}.Debug|Any CPU.Build.0 = Debug|Any CPU
		{170CA75D-7F3F-440E-A496-3F61DB1D6EB9}.Release|Any CPU.ActiveCfg = Release|Any CPU
		{170CA75D-7F3F-440E-A496-3F61DB1D6EB9}.Release|Any CPU.Build.0 = Release|Any CPU
		{4D3A8504-9750-41EA-861D-1CBC4629515E}.Debug|Any CPU.ActiveCfg = Debug|Any CPU
		{4D3A8504-9750-41EA-861D-1CBC4629515E}.Debug|Any CPU.Build.0 = Debug|Any CPU
		{4D3A8504-9750-41EA-861D-1CBC4629515E}.Release|Any CPU.ActiveCfg = Release|Any CPU
		{4D3A8504-9750-41EA-861D-1CBC4629515E}.Release|Any CPU.Build.0 = Release|Any CPU
		{D490803F-2DE5-42B9-B2FC-5AF773CBBFF6}.Debug|Any CPU.ActiveCfg = Debug|Any CPU
		{D490803F-2DE5-42B9-B2FC-5AF773CBBFF6}.Debug|Any CPU.Build.0 = Debug|Any CPU
		{D490803F-2DE5-42B9-B2FC-5AF773CBBFF6}.Release|Any CPU.ActiveCfg = Release|Any CPU
		{D490803F-2DE5-42B9-B2FC-5AF773CBBFF6}.Release|Any CPU.Build.0 = Release|Any CPU
		{632314BB-DDDE-4364-A192-2B3DF0782DD8}.Debug|Any CPU.ActiveCfg = Debug|Any CPU
		{632314BB-DDDE-4364-A192-2B3DF0782DD8}.Debug|Any CPU.Build.0 = Debug|Any CPU
		{632314BB-DDDE-4364-A192-2B3DF0782DD8}.Release|Any CPU.ActiveCfg = Release|Any CPU
		{632314BB-DDDE-4364-A192-2B3DF0782DD8}.Release|Any CPU.Build.0 = Release|Any CPU
		{CF73526B-3499-40B5-811D-A13B8D4A2DC9}.Debug|Any CPU.ActiveCfg = Debug|Any CPU
		{CF73526B-3499-40B5-811D-A13B8D4A2DC9}.Debug|Any CPU.Build.0 = Debug|Any CPU
		{CF73526B-3499-40B5-811D-A13B8D4A2DC9}.Release|Any CPU.ActiveCfg = Release|Any CPU
		{CF73526B-3499-40B5-811D-A13B8D4A2DC9}.Release|Any CPU.Build.0 = Release|Any CPU
		{0C484AC4-BB52-4268-8657-AC5FC3526105}.Debug|Any CPU.ActiveCfg = Debug|Any CPU
		{0C484AC4-BB52-4268-8657-AC5FC3526105}.Debug|Any CPU.Build.0 = Debug|Any CPU
		{0C484AC4-BB52-4268-8657-AC5FC3526105}.Release|Any CPU.ActiveCfg = Release|Any CPU
		{0C484AC4-BB52-4268-8657-AC5FC3526105}.Release|Any CPU.Build.0 = Release|Any CPU
		{D55236F8-014D-4305-87FB-C9C5E51F91B0}.Debug|Any CPU.ActiveCfg = Debug|Any CPU
		{D55236F8-014D-4305-87FB-C9C5E51F91B0}.Debug|Any CPU.Build.0 = Debug|Any CPU
		{D55236F8-014D-4305-87FB-C9C5E51F91B0}.Release|Any CPU.ActiveCfg = Release|Any CPU
		{D55236F8-014D-4305-87FB-C9C5E51F91B0}.Release|Any CPU.Build.0 = Release|Any CPU
		{3EE82D2E-6F3B-4190-B61E-E216B3F43F30}.Debug|Any CPU.ActiveCfg = Debug|Any CPU
		{3EE82D2E-6F3B-4190-B61E-E216B3F43F30}.Debug|Any CPU.Build.0 = Debug|Any CPU
		{3EE82D2E-6F3B-4190-B61E-E216B3F43F30}.Release|Any CPU.ActiveCfg = Release|Any CPU
		{3EE82D2E-6F3B-4190-B61E-E216B3F43F30}.Release|Any CPU.Build.0 = Release|Any CPU
		{DEB86074-0568-444A-9EA6-8A024F19C27D}.Debug|Any CPU.ActiveCfg = Debug|Any CPU
		{DEB86074-0568-444A-9EA6-8A024F19C27D}.Debug|Any CPU.Build.0 = Debug|Any CPU
		{DEB86074-0568-444A-9EA6-8A024F19C27D}.Release|Any CPU.ActiveCfg = Release|Any CPU
		{DEB86074-0568-444A-9EA6-8A024F19C27D}.Release|Any CPU.Build.0 = Release|Any CPU
		{4A61226F-9E5D-4DA0-9160-581947FB2E92}.Debug|Any CPU.ActiveCfg = Debug|Any CPU
		{4A61226F-9E5D-4DA0-9160-581947FB2E92}.Debug|Any CPU.Build.0 = Debug|Any CPU
		{4A61226F-9E5D-4DA0-9160-581947FB2E92}.Release|Any CPU.ActiveCfg = Release|Any CPU
		{4A61226F-9E5D-4DA0-9160-581947FB2E92}.Release|Any CPU.Build.0 = Release|Any CPU
		{E994F021-CC6F-496B-8FB4-9CBAB7869C01}.Debug|Any CPU.ActiveCfg = Debug|Any CPU
		{E994F021-CC6F-496B-8FB4-9CBAB7869C01}.Debug|Any CPU.Build.0 = Debug|Any CPU
		{E994F021-CC6F-496B-8FB4-9CBAB7869C01}.Release|Any CPU.ActiveCfg = Release|Any CPU
		{E994F021-CC6F-496B-8FB4-9CBAB7869C01}.Release|Any CPU.Build.0 = Release|Any CPU
		{0F90DD4B-650B-44FB-B319-33A314407524}.Debug|Any CPU.ActiveCfg = Debug|Any CPU
		{0F90DD4B-650B-44FB-B319-33A314407524}.Debug|Any CPU.Build.0 = Debug|Any CPU
		{0F90DD4B-650B-44FB-B319-33A314407524}.Release|Any CPU.ActiveCfg = Release|Any CPU
		{0F90DD4B-650B-44FB-B319-33A314407524}.Release|Any CPU.Build.0 = Release|Any CPU
		{1D27ECE9-00A2-422C-9E82-0A7C21BB1A5A}.Debug|Any CPU.ActiveCfg = Debug|Any CPU
		{1D27ECE9-00A2-422C-9E82-0A7C21BB1A5A}.Debug|Any CPU.Build.0 = Debug|Any CPU
		{1D27ECE9-00A2-422C-9E82-0A7C21BB1A5A}.Release|Any CPU.ActiveCfg = Release|Any CPU
		{1D27ECE9-00A2-422C-9E82-0A7C21BB1A5A}.Release|Any CPU.Build.0 = Release|Any CPU
		{C305A6BB-3186-4B57-BDA9-5DDCB09F966B}.Debug|Any CPU.ActiveCfg = Debug|Any CPU
		{C305A6BB-3186-4B57-BDA9-5DDCB09F966B}.Debug|Any CPU.Build.0 = Debug|Any CPU
		{C305A6BB-3186-4B57-BDA9-5DDCB09F966B}.Release|Any CPU.ActiveCfg = Release|Any CPU
		{C305A6BB-3186-4B57-BDA9-5DDCB09F966B}.Release|Any CPU.Build.0 = Release|Any CPU
		{C45A35D6-57BA-4487-871D-00F9B10C152F}.Debug|Any CPU.ActiveCfg = Debug|Any CPU
		{C45A35D6-57BA-4487-871D-00F9B10C152F}.Debug|Any CPU.Build.0 = Debug|Any CPU
		{C45A35D6-57BA-4487-871D-00F9B10C152F}.Release|Any CPU.ActiveCfg = Release|Any CPU
		{C45A35D6-57BA-4487-871D-00F9B10C152F}.Release|Any CPU.Build.0 = Release|Any CPU
		{3269415E-A65D-47D7-B456-EC5B5C58F112}.Debug|Any CPU.ActiveCfg = Debug|Any CPU
		{3269415E-A65D-47D7-B456-EC5B5C58F112}.Debug|Any CPU.Build.0 = Debug|Any CPU
		{3269415E-A65D-47D7-B456-EC5B5C58F112}.Release|Any CPU.ActiveCfg = Release|Any CPU
		{3269415E-A65D-47D7-B456-EC5B5C58F112}.Release|Any CPU.Build.0 = Release|Any CPU
		{50D2D6E1-9672-46E2-8102-7CAF771088AD}.Debug|Any CPU.ActiveCfg = Debug|Any CPU
		{50D2D6E1-9672-46E2-8102-7CAF771088AD}.Debug|Any CPU.Build.0 = Debug|Any CPU
		{50D2D6E1-9672-46E2-8102-7CAF771088AD}.Release|Any CPU.ActiveCfg = Release|Any CPU
		{50D2D6E1-9672-46E2-8102-7CAF771088AD}.Release|Any CPU.Build.0 = Release|Any CPU
	EndGlobalSection
	GlobalSection(SolutionProperties) = preSolution
		HideSolutionNode = FALSE
	EndGlobalSection
	GlobalSection(NestedProjects) = preSolution
		{FDB7B02D-5BF4-4EF2-A5FF-8000424A14AF} = {AFCC196E-B1D8-45FE-AF2E-7C36568AB7C4}
		{0D3939BE-9EA4-4EF1-98C3-221B1A1A6E83} = {AFCC196E-B1D8-45FE-AF2E-7C36568AB7C4}
		{C63EE43E-E9C3-49D2-AAAE-1B49B716C87D} = {AFCC196E-B1D8-45FE-AF2E-7C36568AB7C4}
		{F75F8261-4C84-4690-8260-806A6A537B14} = {AFCC196E-B1D8-45FE-AF2E-7C36568AB7C4}
		{52AC0913-2156-4F31-A34A-11410B6A77EA} = {AFCC196E-B1D8-45FE-AF2E-7C36568AB7C4}
		{75CB9BB5-84F7-4744-AF0B-4C96FAC1E48F} = {AFCC196E-B1D8-45FE-AF2E-7C36568AB7C4}
		{19981FE5-50A0-4823-98AB-0D6518D64DBC} = {AFCC196E-B1D8-45FE-AF2E-7C36568AB7C4}
		{32D733EF-E615-4941-9BB6-059EFDF33CF5} = {AFCC196E-B1D8-45FE-AF2E-7C36568AB7C4}
		{170CA75D-7F3F-440E-A496-3F61DB1D6EB9} = {AFCC196E-B1D8-45FE-AF2E-7C36568AB7C4}
		{4D3A8504-9750-41EA-861D-1CBC4629515E} = {AFCC196E-B1D8-45FE-AF2E-7C36568AB7C4}
		{D490803F-2DE5-42B9-B2FC-5AF773CBBFF6} = {AFCC196E-B1D8-45FE-AF2E-7C36568AB7C4}
		{632314BB-DDDE-4364-A192-2B3DF0782DD8} = {AFCC196E-B1D8-45FE-AF2E-7C36568AB7C4}
		{CF73526B-3499-40B5-811D-A13B8D4A2DC9} = {AFCC196E-B1D8-45FE-AF2E-7C36568AB7C4}
		{0C484AC4-BB52-4268-8657-AC5FC3526105} = {AFCC196E-B1D8-45FE-AF2E-7C36568AB7C4}
		{D55236F8-014D-4305-87FB-C9C5E51F91B0} = {AFCC196E-B1D8-45FE-AF2E-7C36568AB7C4}
		{3EE82D2E-6F3B-4190-B61E-E216B3F43F30} = {AFCC196E-B1D8-45FE-AF2E-7C36568AB7C4}
		{DEB86074-0568-444A-9EA6-8A024F19C27D} = {AFCC196E-B1D8-45FE-AF2E-7C36568AB7C4}
		{4A61226F-9E5D-4DA0-9160-581947FB2E92} = {AFCC196E-B1D8-45FE-AF2E-7C36568AB7C4}
		{E994F021-CC6F-496B-8FB4-9CBAB7869C01} = {AFCC196E-B1D8-45FE-AF2E-7C36568AB7C4}
		{0F90DD4B-650B-44FB-B319-33A314407524} = {06F5277A-1E49-4DF3-83E0-CF4195598B2D}
		{1D27ECE9-00A2-422C-9E82-0A7C21BB1A5A} = {06F5277A-1E49-4DF3-83E0-CF4195598B2D}
		{C305A6BB-3186-4B57-BDA9-5DDCB09F966B} = {06F5277A-1E49-4DF3-83E0-CF4195598B2D}
		{C45A35D6-57BA-4487-871D-00F9B10C152F} = {06F5277A-1E49-4DF3-83E0-CF4195598B2D}
		{3269415E-A65D-47D7-B456-EC5B5C58F112} = {06F5277A-1E49-4DF3-83E0-CF4195598B2D}
		{50D2D6E1-9672-46E2-8102-7CAF771088AD} = {06F5277A-1E49-4DF3-83E0-CF4195598B2D}
	EndGlobalSection
	GlobalSection(ExtensibilityGlobals) = postSolution
		SolutionGuid = {A8E292F7-2E9D-411A-936E-A3201B8478F5}
	EndGlobalSection
EndGlobal
