
Microsoft Visual Studio Solution File, Format Version 12.00
# Visual Studio Version 16
VisualStudioVersion = 16.0.31727.386
MinimumVisualStudioVersion = 10.0.40219.1
Project("{FAE04EC0-301F-11D3-BF4B-00C04F79EFBC}") = "Unityst_1", "Unityst_1\Unityst_1.csproj", "{FDB7B02D-5BF4-4EF2-A5FF-8000424A14AF}"
EndProject
Project("{FAE04EC0-301F-11D3-BF4B-00C04F79EFBC}") = "WOWmapeditor", "WOWmapeditor\WOWmapeditor.csproj", "{0D3939BE-9EA4-4EF1-98C3-221B1A1A6E83}"
EndProject
Project("{FAE04EC0-301F-11D3-BF4B-00C04F79EFBC}") = "WOWskilleditor", "WOWskilleditor\WOWskilleditor.csproj", "{C63EE43E-E9C3-49D2-AAAE-1B49B716C87D}"
EndProject
Project("{2150E333-8FDC-42A3-9474-1A3956D46DE8}") = "STD", "STD", "{AFCC196E-B1D8-45FE-AF2E-7C36568AB7C4}"
EndProject
Project("{2150E333-8FDC-42A3-9474-1A3956D46DE8}") = "Solution items", "Solution items", "{A0619FB1-CCE8-4792-970A-C64886FBC257}"
	ProjectSection(SolutionItems) = preProject
		목차.txt = 목차.txt
	EndProjectSection
EndProject
Project("{FAE04EC0-301F-11D3-BF4B-00C04F79EFBC}") = "00.Using", "00.Using\00.Using.csproj", "{F75F8261-4C84-4690-8260-806A6A537B14}"
EndProject
Project("{FAE04EC0-301F-11D3-BF4B-00C04F79EFBC}") = "01.Class", "01.Class\01.Class.csproj", "{52AC0913-2156-4F31-A34A-11410B6A77EA}"
EndProject
Project("{FAE04EC0-301F-11D3-BF4B-00C04F79EFBC}") = "02.Namespace", "02.Namespace\02.Namespace.csproj", "{75CB9BB5-84F7-4744-AF0B-4C96FAC1E48F}"
EndProject
Project("{9A19103F-16F7-4668-BE54-9A1E7A4F7556}") = "03.Codestartandreading", "03.Codestartandreading\03.Codestartandreading.csproj", "{19981FE5-50A0-4823-98AB-0D6518D64DBC}"
EndProject
Project("{FAE04EC0-301F-11D3-BF4B-00C04F79EFBC}") = "04.MemberVar", "04.MemberVar\04.MemberVar.csproj", "{32D733EF-E615-4941-9BB6-059EFDF33CF5}"
EndProject
Project("{FAE04EC0-301F-11D3-BF4B-00C04F79EFBC}") = "05.MemberFunc", "MemberFunc\05.MemberFunc.csproj", "{170CA75D-7F3F-440E-A496-3F61DB1D6EB9}"
EndProject
Project("{FAE04EC0-301F-11D3-BF4B-00C04F79EFBC}") = "06.LocalVar", "06.LocalVar\06.LocalVar.csproj", "{4D3A8504-9750-41EA-861D-1CBC4629515E}"
EndProject
Project("{FAE04EC0-301F-11D3-BF4B-00C04F79EFBC}") = "07.ClassAccess", "07.ClassAccess\07.ClassAccess.csproj", "{D490803F-2DE5-42B9-B2FC-5AF773CBBFF6}"
EndProject
Project("{FAE04EC0-301F-11D3-BF4B-00C04F79EFBC}") = "08.FuncEx", "08.FuncEx\08.FuncEx.csproj", "{632314BB-DDDE-4364-A192-2B3DF0782DD8}"
EndProject
Project("{FAE04EC0-301F-11D3-BF4B-00C04F79EFBC}") = "09.Operator", "09.Operator\09.Operator.csproj", "{CF73526B-3499-40B5-811D-A13B8D4A2DC9}"
EndProject
Global
	GlobalSection(SolutionConfigurationPlatforms) = preSolution
		Debug|Any CPU = Debug|Any CPU
		Release|Any CPU = Release|Any CPU
	EndGlobalSection
	GlobalSection(ProjectConfigurationPlatforms) = postSolution
		{FDB7B02D-5BF4-4EF2-A5FF-8000424A14AF}.Debug|Any CPU.ActiveCfg = Debug|Any CPU
		{FDB7B02D-5BF4-4EF2-A5FF-8000424A14AF}.Debug|Any CPU.Build.0 = Debug|Any CPU
		{FDB7B02D-5BF4-4EF2-A5FF-8000424A14AF}.Release|Any CPU.ActiveCfg = Release|Any CPU
		{FDB7B02D-5BF4-4EF2-A5FF-8000424A14AF}.Release|Any CPU.Build.0 = Release|Any CPU
		{0D3939BE-9EA4-4EF1-98C3-221B1A1A6E83}.Debug|Any CPU.ActiveCfg = Debug|Any CPU
		{0D3939BE-9EA4-4EF1-98C3-221B1A1A6E83}.Debug|Any CPU.Build.0 = Debug|Any CPU
		{0D3939BE-9EA4-4EF1-98C3-221B1A1A6E83}.Release|Any CPU.ActiveCfg = Release|Any CPU
		{0D3939BE-9EA4-4EF1-98C3-221B1A1A6E83}.Release|Any CPU.Build.0 = Release|Any CPU
		{C63EE43E-E9C3-49D2-AAAE-1B49B716C87D}.Debug|Any CPU.ActiveCfg = Debug|Any CPU
		{C63EE43E-E9C3-49D2-AAAE-1B49B716C87D}.Debug|Any CPU.Build.0 = Debug|Any CPU
		{C63EE43E-E9C3-49D2-AAAE-1B49B716C87D}.Release|Any CPU.ActiveCfg = Release|Any CPU
		{C63EE43E-E9C3-49D2-AAAE-1B49B716C87D}.Release|Any CPU.Build.0 = Release|Any CPU
		{F75F8261-4C84-4690-8260-806A6A537B14}.Debug|Any CPU.ActiveCfg = Debug|Any CPU
		{F75F8261-4C84-4690-8260-806A6A537B14}.Debug|Any CPU.Build.0 = Debug|Any CPU
		{F75F8261-4C84-4690-8260-806A6A537B14}.Release|Any CPU.ActiveCfg = Release|Any CPU
		{F75F8261-4C84-4690-8260-806A6A537B14}.Release|Any CPU.Build.0 = Release|Any CPU
		{52AC0913-2156-4F31-A34A-11410B6A77EA}.Debug|Any CPU.ActiveCfg = Debug|Any CPU
		{52AC0913-2156-4F31-A34A-11410B6A77EA}.Debug|Any CPU.Build.0 = Debug|Any CPU
		{52AC0913-2156-4F31-A34A-11410B6A77EA}.Release|Any CPU.ActiveCfg = Release|Any CPU
		{52AC0913-2156-4F31-A34A-11410B6A77EA}.Release|Any CPU.Build.0 = Release|Any CPU
		{75CB9BB5-84F7-4744-AF0B-4C96FAC1E48F}.Debug|Any CPU.ActiveCfg = Debug|Any CPU
		{75CB9BB5-84F7-4744-AF0B-4C96FAC1E48F}.Debug|Any CPU.Build.0 = Debug|Any CPU
		{75CB9BB5-84F7-4744-AF0B-4C96FAC1E48F}.Release|Any CPU.ActiveCfg = Release|Any CPU
		{75CB9BB5-84F7-4744-AF0B-4C96FAC1E48F}.Release|Any CPU.Build.0 = Release|Any CPU
		{19981FE5-50A0-4823-98AB-0D6518D64DBC}.Debug|Any CPU.ActiveCfg = Debug|Any CPU
		{19981FE5-50A0-4823-98AB-0D6518D64DBC}.Debug|Any CPU.Build.0 = Debug|Any CPU
		{19981FE5-50A0-4823-98AB-0D6518D64DBC}.Release|Any CPU.ActiveCfg = Release|Any CPU
		{19981FE5-50A0-4823-98AB-0D6518D64DBC}.Release|Any CPU.Build.0 = Release|Any CPU
		{32D733EF-E615-4941-9BB6-059EFDF33CF5}.Debug|Any CPU.ActiveCfg = Debug|Any CPU
		{32D733EF-E615-4941-9BB6-059EFDF33CF5}.Debug|Any CPU.Build.0 = Debug|Any CPU
		{32D733EF-E615-4941-9BB6-059EFDF33CF5}.Release|Any CPU.ActiveCfg = Release|Any CPU
		{32D733EF-E615-4941-9BB6-059EFDF33CF5}.Release|Any CPU.Build.0 = Release|Any CPU
		{170CA75D-7F3F-440E-A496-3F61DB1D6EB9}.Debug|Any CPU.ActiveCfg = Debug|Any CPU
		{170CA75D-7F3F-440E-A496-3F61DB1D6EB9}.Debug|Any CPU.Build.0 = Debug|Any CPU
		{170CA75D-7F3F-440E-A496-3F61DB1D6EB9}.Release|Any CPU.ActiveCfg = Release|Any CPU
		{170CA75D-7F3F-440E-A496-3F61DB1D6EB9}.Release|Any CPU.Build.0 = Release|Any CPU
		{4D3A8504-9750-41EA-861D-1CBC4629515E}.Debug|Any CPU.ActiveCfg = Debug|Any CPU
		{4D3A8504-9750-41EA-861D-1CBC4629515E}.Debug|Any CPU.Build.0 = Debug|Any CPU
		{4D3A8504-9750-41EA-861D-1CBC4629515E}.Release|Any CPU.ActiveCfg = Release|Any CPU
		{4D3A8504-9750-41EA-861D-1CBC4629515E}.Release|Any CPU.Build.0 = Release|Any CPU
		{D490803F-2DE5-42B9-B2FC-5AF773CBBFF6}.Debug|Any CPU.ActiveCfg = Debug|Any CPU
		{D490803F-2DE5-42B9-B2FC-5AF773CBBFF6}.Debug|Any CPU.Build.0 = Debug|Any CPU
		{D490803F-2DE5-42B9-B2FC-5AF773CBBFF6}.Release|Any CPU.ActiveCfg = Release|Any CPU
		{D490803F-2DE5-42B9-B2FC-5AF773CBBFF6}.Release|Any CPU.Build.0 = Release|Any CPU
		{632314BB-DDDE-4364-A192-2B3DF0782DD8}.Debug|Any CPU.ActiveCfg = Debug|Any CPU
		{632314BB-DDDE-4364-A192-2B3DF0782DD8}.Debug|Any CPU.Build.0 = Debug|Any CPU
		{632314BB-DDDE-4364-A192-2B3DF0782DD8}.Release|Any CPU.ActiveCfg = Release|Any CPU
		{632314BB-DDDE-4364-A192-2B3DF0782DD8}.Release|Any CPU.Build.0 = Release|Any CPU
		{CF73526B-3499-40B5-811D-A13B8D4A2DC9}.Debug|Any CPU.ActiveCfg = Debug|Any CPU
		{CF73526B-3499-40B5-811D-A13B8D4A2DC9}.Debug|Any CPU.Build.0 = Debug|Any CPU
		{CF73526B-3499-40B5-811D-A13B8D4A2DC9}.Release|Any CPU.ActiveCfg = Release|Any CPU
		{CF73526B-3499-40B5-811D-A13B8D4A2DC9}.Release|Any CPU.Build.0 = Release|Any CPU
	EndGlobalSection
	GlobalSection(SolutionProperties) = preSolution
		HideSolutionNode = FALSE
	EndGlobalSection
	GlobalSection(NestedProjects) = preSolution
		{FDB7B02D-5BF4-4EF2-A5FF-8000424A14AF} = {AFCC196E-B1D8-45FE-AF2E-7C36568AB7C4}
		{0D3939BE-9EA4-4EF1-98C3-221B1A1A6E83} = {AFCC196E-B1D8-45FE-AF2E-7C36568AB7C4}
		{C63EE43E-E9C3-49D2-AAAE-1B49B716C87D} = {AFCC196E-B1D8-45FE-AF2E-7C36568AB7C4}
	EndGlobalSection
	GlobalSection(ExtensibilityGlobals) = postSolution
		SolutionGuid = {A8E292F7-2E9D-411A-936E-A3201B8478F5}
	EndGlobalSection
EndGlobal
